
Microsoft Visual Studio Solution File, Format Version 12.00
# Visual Studio Version 17
VisualStudioVersion = 17.7.34202.233
MinimumVisualStudioVersion = 10.0.40219.1
Project("{9A19103F-16F7-4668-BE54-9A1E7A4F7556}") = "Task1", "Task1\Task1.csproj", "{51E19D2C-AB8B-4463-94B2-442DC0A8DF6D}"
EndProject
Project("{FAE04EC0-301F-11D3-BF4B-00C04F79EFBC}") = "Task2", "Task2\Task2.csproj", "{4497C27A-2FE4-41F6-8E31-C30F27071E84}"
EndProject
Global
	GlobalSection(SolutionConfigurationPlatforms) = preSolution
		Debug|Any CPU = Debug|Any CPU
		Release|Any CPU = Release|Any CPU
	EndGlobalSection
	GlobalSection(ProjectConfigurationPlatforms) = postSolution
		{51E19D2C-AB8B-4463-94B2-442DC0A8DF6D}.Debug|Any CPU.ActiveCfg = Debug|Any CPU
		{51E19D2C-AB8B-4463-94B2-442DC0A8DF6D}.Debug|Any CPU.Build.0 = Debug|Any CPU
		{51E19D2C-AB8B-4463-94B2-442DC0A8DF6D}.Release|Any CPU.ActiveCfg = Release|Any CPU
		{51E19D2C-AB8B-4463-94B2-442DC0A8DF6D}.Release|Any CPU.Build.0 = Release|Any CPU
		{4497C27A-2FE4-41F6-8E31-C30F27071E84}.Debug|Any CPU.ActiveCfg = Debug|Any CPU
		{4497C27A-2FE4-41F6-8E31-C30F27071E84}.Debug|Any CPU.Build.0 = Debug|Any CPU
		{4497C27A-2FE4-41F6-8E31-C30F27071E84}.Release|Any CPU.ActiveCfg = Release|Any CPU
		{4497C27A-2FE4-41F6-8E31-C30F27071E84}.Release|Any CPU.Build.0 = Release|Any CPU
	EndGlobalSection
	GlobalSection(SolutionProperties) = preSolution
		HideSolutionNode = FALSE
	EndGlobalSection
	GlobalSection(ExtensibilityGlobals) = postSolution
		SolutionGuid = {F62398DE-A8DA-4B3A-9459-41316E46F63D}
	EndGlobalSection
EndGlobal
